
Microsoft Visual Studio Solution File, Format Version 12.00
# Visual Studio Version 17
VisualStudioVersion = 17.0.32014.148
MinimumVisualStudioVersion = 10.0.40219.1
Project("{2150E333-8FDC-42A3-9474-1A3956D46DE8}") = "Digital", "Digital", "{E2678D88-CCFA-46F0-A656-FE01CB6E7041}"
EndProject
Project("{9A19103F-16F7-4668-BE54-9A1E7A4F7556}") = "Ssp.Digital.ProjGen.FunctionApp", "src\Digital\ProjectionsGenerator\Ssp.Digital.ProjGen.FunctionApp\Ssp.Digital.ProjGen.FunctionApp.csproj", "{68ABC941-BA70-4E35-A23E-4C7FF710FB2D}"
EndProject
Project("{2150E333-8FDC-42A3-9474-1A3956D46DE8}") = "Common", "Common", "{D59DC40B-9061-4882-A4E3-A0FF0B4A3F08}"
EndProject
Project("{9A19103F-16F7-4668-BE54-9A1E7A4F7556}") = "Ssp.Common", "src\Common\Ssp.Common\Ssp.Common.csproj", "{82B81905-EDA7-48EA-B679-3F303DDA4A4D}"
EndProject
Project("{9A19103F-16F7-4668-BE54-9A1E7A4F7556}") = "Ssp.Common.Messaging", "src\Common\Ssp.Common.Messaging\Ssp.Common.Messaging.csproj", "{B8E8110A-A5BA-4277-9533-4C633665EBAC}"
EndProject
Project("{9A19103F-16F7-4668-BE54-9A1E7A4F7556}") = "Ssp.Digital.ProjGen.Application", "src\Digital\ProjectionsGenerator\Ssp.Digital.ProjGen.Application\Ssp.Digital.ProjGen.Application.csproj", "{71C6524A-6A09-4FF7-B333-82D01A4B7EEC}"
EndProject
Project("{2150E333-8FDC-42A3-9474-1A3956D46DE8}") = "Gateway", "Gateway", "{2FBFB351-2FDD-4A6B-9B7E-A08E937F0B90}"
EndProject
Project("{2150E333-8FDC-42A3-9474-1A3956D46DE8}") = "Meter", "Meter", "{AC0306FF-FB7E-4C61-B6BB-5B7AA13414C3}"
EndProject
Project("{2150E333-8FDC-42A3-9474-1A3956D46DE8}") = "Accounts", "Accounts", "{9D0C693E-FA7E-457A-9B7F-013C3232A29C}"
EndProject
Project("{9A19103F-16F7-4668-BE54-9A1E7A4F7556}") = "Ssp.Digital.Gateway.Api", "src\Digital\Gateway\Ssp.Digital.Gateway.Api\Ssp.Digital.Gateway.Api.csproj", "{F00DCCB7-7C8C-4569-998F-5DC7D71F14B2}"
EndProject
Project("{9A19103F-16F7-4668-BE54-9A1E7A4F7556}") = "Ssp.Digital.Accounts.Api", "src\Digital\Accounts\Ssp.Digital.Accounts.Api\Ssp.Digital.Accounts.Api.csproj", "{159C6113-2B13-46D2-86C2-42D44F51ECCB}"
EndProject
Project("{9A19103F-16F7-4668-BE54-9A1E7A4F7556}") = "Ssp.Digital.Meter.Api", "src\Digital\Meter\Ssp.Digital.Meter.Api\Ssp.Digital.Meter.Api.csproj", "{A7A27D11-2E72-4816-BDFA-8EE0B85F129B}"
EndProject
Project("{2150E333-8FDC-42A3-9474-1A3956D46DE8}") = "ProjectionGen", "ProjectionGen", "{5FE5AF68-4D44-4FED-B1BC-5E7C157D2AB9}"
EndProject
Project("{9A19103F-16F7-4668-BE54-9A1E7A4F7556}") = "Ssp.Digital.Gateway.Api.UnitTests", "src\Digital\Gateway\Ssp.Digital.Gateway.Api.UnitTests\Ssp.Digital.Gateway.Api.UnitTests.csproj", "{82706F76-9FF6-436D-9A23-4AC135075EF8}"
EndProject
Project("{9A19103F-16F7-4668-BE54-9A1E7A4F7556}") = "Ssp.EP.Events", "src\Common\Ssp.EP.Events\Ssp.EP.Events.csproj", "{6F855120-6AA8-454A-84F8-5D9D1C265C62}"
EndProject
Project("{9A19103F-16F7-4668-BE54-9A1E7A4F7556}") = "Ssp.Digital.Projections", "src\Digital\Ssp.Digital.Projections\Ssp.Digital.Projections.csproj", "{2F3B2410-0139-49E6-9339-A7B97B9D3CF4}"
EndProject
Project("{9A19103F-16F7-4668-BE54-9A1E7A4F7556}") = "Ssp.Digital.ProjGen.Application.UnitTests", "src\Digital\ProjectionsGenerator\Ssp.Digital.ProjGen.Application.UnitTests\Ssp.Digital.ProjGen.Application.UnitTests.csproj", "{FCDEA20F-B6E3-447D-A53F-42BFC94F3176}"
EndProject
Project("{9A19103F-16F7-4668-BE54-9A1E7A4F7556}") = "Ssp.Digital.ProjGen.FunctionApp.UnitTests", "src\Digital\ProjectionsGenerator\Ssp.Digital.ProjGen.FunctionApp.UnitTests\Ssp.Digital.ProjGen.FunctionApp.UnitTests.csproj", "{F46C1ADC-3059-4D53-BEA2-75907CC0B057}"
EndProject
Project("{2150E333-8FDC-42A3-9474-1A3956D46DE8}") = "Projections", "Projections", "{03E2CA70-2B3F-42AE-9E53-865A08C4623B}"
EndProject
Project("{9A19103F-16F7-4668-BE54-9A1E7A4F7556}") = "Ssp.Digital.Meter.Core", "src\Digital\Meter\Ssp.Digital.Meter.Core\Ssp.Digital.Meter.Core.csproj", "{FB01CA70-EB5A-48C9-B9FB-3C4EE4D6920C}"
EndProject
Project("{9A19103F-16F7-4668-BE54-9A1E7A4F7556}") = "Ssp.Digital.Meter.Infrastructure", "src\Digital\Meter\Ssp.Digital.Meter.Infrastructure\Ssp.Digital.Meter.Infrastructure.csproj", "{B0C97FBA-17B2-4E47-931F-87D87A480BC7}"
EndProject
Global
	GlobalSection(SolutionConfigurationPlatforms) = preSolution
		Debug|Any CPU = Debug|Any CPU
		Release|Any CPU = Release|Any CPU
	EndGlobalSection
	GlobalSection(ProjectConfigurationPlatforms) = postSolution
		{68ABC941-BA70-4E35-A23E-4C7FF710FB2D}.Debug|Any CPU.ActiveCfg = Debug|Any CPU
		{68ABC941-BA70-4E35-A23E-4C7FF710FB2D}.Debug|Any CPU.Build.0 = Debug|Any CPU
		{68ABC941-BA70-4E35-A23E-4C7FF710FB2D}.Release|Any CPU.ActiveCfg = Release|Any CPU
		{68ABC941-BA70-4E35-A23E-4C7FF710FB2D}.Release|Any CPU.Build.0 = Release|Any CPU
		{82B81905-EDA7-48EA-B679-3F303DDA4A4D}.Debug|Any CPU.ActiveCfg = Debug|Any CPU
		{82B81905-EDA7-48EA-B679-3F303DDA4A4D}.Debug|Any CPU.Build.0 = Debug|Any CPU
		{82B81905-EDA7-48EA-B679-3F303DDA4A4D}.Release|Any CPU.ActiveCfg = Release|Any CPU
		{82B81905-EDA7-48EA-B679-3F303DDA4A4D}.Release|Any CPU.Build.0 = Release|Any CPU
		{B8E8110A-A5BA-4277-9533-4C633665EBAC}.Debug|Any CPU.ActiveCfg = Debug|Any CPU
		{B8E8110A-A5BA-4277-9533-4C633665EBAC}.Debug|Any CPU.Build.0 = Debug|Any CPU
		{B8E8110A-A5BA-4277-9533-4C633665EBAC}.Release|Any CPU.ActiveCfg = Release|Any CPU
		{B8E8110A-A5BA-4277-9533-4C633665EBAC}.Release|Any CPU.Build.0 = Release|Any CPU
		{71C6524A-6A09-4FF7-B333-82D01A4B7EEC}.Debug|Any CPU.ActiveCfg = Debug|Any CPU
		{71C6524A-6A09-4FF7-B333-82D01A4B7EEC}.Debug|Any CPU.Build.0 = Debug|Any CPU
		{71C6524A-6A09-4FF7-B333-82D01A4B7EEC}.Release|Any CPU.ActiveCfg = Release|Any CPU
		{71C6524A-6A09-4FF7-B333-82D01A4B7EEC}.Release|Any CPU.Build.0 = Release|Any CPU
		{F00DCCB7-7C8C-4569-998F-5DC7D71F14B2}.Debug|Any CPU.ActiveCfg = Debug|Any CPU
		{F00DCCB7-7C8C-4569-998F-5DC7D71F14B2}.Debug|Any CPU.Build.0 = Debug|Any CPU
		{F00DCCB7-7C8C-4569-998F-5DC7D71F14B2}.Release|Any CPU.ActiveCfg = Release|Any CPU
		{F00DCCB7-7C8C-4569-998F-5DC7D71F14B2}.Release|Any CPU.Build.0 = Release|Any CPU
		{159C6113-2B13-46D2-86C2-42D44F51ECCB}.Debug|Any CPU.ActiveCfg = Debug|Any CPU
		{159C6113-2B13-46D2-86C2-42D44F51ECCB}.Debug|Any CPU.Build.0 = Debug|Any CPU
		{159C6113-2B13-46D2-86C2-42D44F51ECCB}.Release|Any CPU.ActiveCfg = Release|Any CPU
		{159C6113-2B13-46D2-86C2-42D44F51ECCB}.Release|Any CPU.Build.0 = Release|Any CPU
		{A7A27D11-2E72-4816-BDFA-8EE0B85F129B}.Debug|Any CPU.ActiveCfg = Debug|Any CPU
		{A7A27D11-2E72-4816-BDFA-8EE0B85F129B}.Debug|Any CPU.Build.0 = Debug|Any CPU
		{A7A27D11-2E72-4816-BDFA-8EE0B85F129B}.Release|Any CPU.ActiveCfg = Release|Any CPU
		{A7A27D11-2E72-4816-BDFA-8EE0B85F129B}.Release|Any CPU.Build.0 = Release|Any CPU
		{82706F76-9FF6-436D-9A23-4AC135075EF8}.Debug|Any CPU.ActiveCfg = Debug|Any CPU
		{82706F76-9FF6-436D-9A23-4AC135075EF8}.Debug|Any CPU.Build.0 = Debug|Any CPU
		{82706F76-9FF6-436D-9A23-4AC135075EF8}.Release|Any CPU.ActiveCfg = Release|Any CPU
		{82706F76-9FF6-436D-9A23-4AC135075EF8}.Release|Any CPU.Build.0 = Release|Any CPU
		{6F855120-6AA8-454A-84F8-5D9D1C265C62}.Debug|Any CPU.ActiveCfg = Debug|Any CPU
		{6F855120-6AA8-454A-84F8-5D9D1C265C62}.Debug|Any CPU.Build.0 = Debug|Any CPU
		{6F855120-6AA8-454A-84F8-5D9D1C265C62}.Release|Any CPU.ActiveCfg = Release|Any CPU
		{6F855120-6AA8-454A-84F8-5D9D1C265C62}.Release|Any CPU.Build.0 = Release|Any CPU
		{2F3B2410-0139-49E6-9339-A7B97B9D3CF4}.Debug|Any CPU.ActiveCfg = Debug|Any CPU
		{2F3B2410-0139-49E6-9339-A7B97B9D3CF4}.Debug|Any CPU.Build.0 = Debug|Any CPU
		{2F3B2410-0139-49E6-9339-A7B97B9D3CF4}.Release|Any CPU.ActiveCfg = Release|Any CPU
		{2F3B2410-0139-49E6-9339-A7B97B9D3CF4}.Release|Any CPU.Build.0 = Release|Any CPU
		{FCDEA20F-B6E3-447D-A53F-42BFC94F3176}.Debug|Any CPU.ActiveCfg = Debug|Any CPU
		{FCDEA20F-B6E3-447D-A53F-42BFC94F3176}.Debug|Any CPU.Build.0 = Debug|Any CPU
		{FCDEA20F-B6E3-447D-A53F-42BFC94F3176}.Release|Any CPU.ActiveCfg = Release|Any CPU
		{FCDEA20F-B6E3-447D-A53F-42BFC94F3176}.Release|Any CPU.Build.0 = Release|Any CPU
		{F46C1ADC-3059-4D53-BEA2-75907CC0B057}.Debug|Any CPU.ActiveCfg = Debug|Any CPU
		{F46C1ADC-3059-4D53-BEA2-75907CC0B057}.Debug|Any CPU.Build.0 = Debug|Any CPU
		{F46C1ADC-3059-4D53-BEA2-75907CC0B057}.Release|Any CPU.ActiveCfg = Release|Any CPU
		{F46C1ADC-3059-4D53-BEA2-75907CC0B057}.Release|Any CPU.Build.0 = Release|Any CPU
		{FB01CA70-EB5A-48C9-B9FB-3C4EE4D6920C}.Debug|Any CPU.ActiveCfg = Debug|Any CPU
		{FB01CA70-EB5A-48C9-B9FB-3C4EE4D6920C}.Debug|Any CPU.Build.0 = Debug|Any CPU
		{FB01CA70-EB5A-48C9-B9FB-3C4EE4D6920C}.Release|Any CPU.ActiveCfg = Release|Any CPU
		{FB01CA70-EB5A-48C9-B9FB-3C4EE4D6920C}.Release|Any CPU.Build.0 = Release|Any CPU
		{B0C97FBA-17B2-4E47-931F-87D87A480BC7}.Debug|Any CPU.ActiveCfg = Debug|Any CPU
		{B0C97FBA-17B2-4E47-931F-87D87A480BC7}.Debug|Any CPU.Build.0 = Debug|Any CPU
		{B0C97FBA-17B2-4E47-931F-87D87A480BC7}.Release|Any CPU.ActiveCfg = Release|Any CPU
		{B0C97FBA-17B2-4E47-931F-87D87A480BC7}.Release|Any CPU.Build.0 = Release|Any CPU
	EndGlobalSection
	GlobalSection(SolutionProperties) = preSolution
		HideSolutionNode = FALSE
	EndGlobalSection
	GlobalSection(NestedProjects) = preSolution
		{68ABC941-BA70-4E35-A23E-4C7FF710FB2D} = {5FE5AF68-4D44-4FED-B1BC-5E7C157D2AB9}
		{82B81905-EDA7-48EA-B679-3F303DDA4A4D} = {D59DC40B-9061-4882-A4E3-A0FF0B4A3F08}
		{B8E8110A-A5BA-4277-9533-4C633665EBAC} = {D59DC40B-9061-4882-A4E3-A0FF0B4A3F08}
		{71C6524A-6A09-4FF7-B333-82D01A4B7EEC} = {5FE5AF68-4D44-4FED-B1BC-5E7C157D2AB9}
		{2FBFB351-2FDD-4A6B-9B7E-A08E937F0B90} = {E2678D88-CCFA-46F0-A656-FE01CB6E7041}
		{AC0306FF-FB7E-4C61-B6BB-5B7AA13414C3} = {E2678D88-CCFA-46F0-A656-FE01CB6E7041}
		{9D0C693E-FA7E-457A-9B7F-013C3232A29C} = {E2678D88-CCFA-46F0-A656-FE01CB6E7041}
		{F00DCCB7-7C8C-4569-998F-5DC7D71F14B2} = {2FBFB351-2FDD-4A6B-9B7E-A08E937F0B90}
		{159C6113-2B13-46D2-86C2-42D44F51ECCB} = {9D0C693E-FA7E-457A-9B7F-013C3232A29C}
		{A7A27D11-2E72-4816-BDFA-8EE0B85F129B} = {AC0306FF-FB7E-4C61-B6BB-5B7AA13414C3}
		{5FE5AF68-4D44-4FED-B1BC-5E7C157D2AB9} = {E2678D88-CCFA-46F0-A656-FE01CB6E7041}
		{82706F76-9FF6-436D-9A23-4AC135075EF8} = {2FBFB351-2FDD-4A6B-9B7E-A08E937F0B90}
		{6F855120-6AA8-454A-84F8-5D9D1C265C62} = {D59DC40B-9061-4882-A4E3-A0FF0B4A3F08}
		{2F3B2410-0139-49E6-9339-A7B97B9D3CF4} = {03E2CA70-2B3F-42AE-9E53-865A08C4623B}
		{FCDEA20F-B6E3-447D-A53F-42BFC94F3176} = {5FE5AF68-4D44-4FED-B1BC-5E7C157D2AB9}
		{F46C1ADC-3059-4D53-BEA2-75907CC0B057} = {5FE5AF68-4D44-4FED-B1BC-5E7C157D2AB9}
		{03E2CA70-2B3F-42AE-9E53-865A08C4623B} = {E2678D88-CCFA-46F0-A656-FE01CB6E7041}
		{FB01CA70-EB5A-48C9-B9FB-3C4EE4D6920C} = {AC0306FF-FB7E-4C61-B6BB-5B7AA13414C3}
		{B0C97FBA-17B2-4E47-931F-87D87A480BC7} = {AC0306FF-FB7E-4C61-B6BB-5B7AA13414C3}
	EndGlobalSection
	GlobalSection(ExtensibilityGlobals) = postSolution
		SolutionGuid = {4B804C69-433C-4F89-8938-147960B6E90F}
	EndGlobalSection
EndGlobal
